// !$*UTF8*$!
{
	archiveVersion = 1;
	classes = {
	};
	objectVersion = 46;
	objects = {

/* Begin PBXAggregateTarget section */
		24416B8111C4CA220047AFDD /* Build & Test */ = {
			isa = PBXAggregateTarget;
			buildConfigurationList = 24416B8A11C4CA520047AFDD /* Build configuration list for PBXAggregateTarget "Build & Test" */;
			buildPhases = (
				24416B8011C4CA220047AFDD /* ShellScript */,
			);
			dependencies = (
				24416B8511C4CA280047AFDD /* PBXTargetDependency */,
			);
			name = "Build & Test";
			productName = "Build & test";
		};
/* End PBXAggregateTarget section */

/* Begin PBXBuildFile section */
		24DD6CF91134B3F500162E58 /* ComPspdfkitModule.h in Headers */ = {isa = PBXBuildFile; fileRef = 24DD6CF71134B3F500162E58 /* ComPspdfkitModule.h */; };
		24DD6CFA1134B3F500162E58 /* ComPspdfkitModule.m in Sources */ = {isa = PBXBuildFile; fileRef = 24DD6CF81134B3F500162E58 /* ComPspdfkitModule.m */; };
		24DE9E1111C5FE74003F90F6 /* ComPspdfkitModuleAssets.h in Headers */ = {isa = PBXBuildFile; fileRef = 24DE9E0F11C5FE74003F90F6 /* ComPspdfkitModuleAssets.h */; };
		24DE9E1211C5FE74003F90F6 /* ComPspdfkitModuleAssets.m in Sources */ = {isa = PBXBuildFile; fileRef = 24DE9E1011C5FE74003F90F6 /* ComPspdfkitModuleAssets.m */; };
		782DDA161483CAB600E7EEFD /* ComPspdfkitViewProxy.h in Headers */ = {isa = PBXBuildFile; fileRef = 782DDA141483CAB400E7EEFD /* ComPspdfkitViewProxy.h */; };
		782DDA171483CAB600E7EEFD /* ComPspdfkitViewProxy.m in Sources */ = {isa = PBXBuildFile; fileRef = 782DDA151483CAB400E7EEFD /* ComPspdfkitViewProxy.m */; };
		782DDA1D1483CB6100E7EEFD /* ComPspdfkitView.h in Headers */ = {isa = PBXBuildFile; fileRef = 782DDA1B1483CB6100E7EEFD /* ComPspdfkitView.h */; };
		782DDA1E1483CB6100E7EEFD /* ComPspdfkitView.m in Sources */ = {isa = PBXBuildFile; fileRef = 782DDA1C1483CB6100E7EEFD /* ComPspdfkitView.m */; };
		787023CC1481A0F5005A7792 /* TIPSPDFViewControllerProxy.h in Headers */ = {isa = PBXBuildFile; fileRef = 787023CA1481A0F5005A7792 /* TIPSPDFViewControllerProxy.h */; };
		787023CD1481A0F5005A7792 /* TIPSPDFViewControllerProxy.m in Sources */ = {isa = PBXBuildFile; fileRef = 787023CB1481A0F5005A7792 /* TIPSPDFViewControllerProxy.m */; };
		7870240C1481BDE8005A7792 /* PSPDFUtils.h in Headers */ = {isa = PBXBuildFile; fileRef = 7870240A1481BDE8005A7792 /* PSPDFUtils.h */; };
		7870240D1481BDE8005A7792 /* PSPDFUtils.m in Sources */ = {isa = PBXBuildFile; fileRef = 7870240B1481BDE8005A7792 /* PSPDFUtils.m */; };
		7884211C148309BE00203926 /* TIPSPDFAnnotationProxy.h in Headers */ = {isa = PBXBuildFile; fileRef = 7884211A148309BE00203926 /* TIPSPDFAnnotationProxy.h */; };
		7884211D148309BE00203926 /* TIPSPDFAnnotationProxy.m in Sources */ = {isa = PBXBuildFile; fileRef = 7884211B148309BE00203926 /* TIPSPDFAnnotationProxy.m */; };
		7884211F14830B1600203926 /* UIKit.framework in Frameworks */ = {isa = PBXBuildFile; fileRef = 7884211E14830B1500203926 /* UIKit.framework */; };
		7884212114830B1B00203926 /* CoreMedia.framework in Frameworks */ = {isa = PBXBuildFile; fileRef = 7884212014830B1B00203926 /* CoreMedia.framework */; };
		7884212514830B2E00203926 /* AVFoundation.framework in Frameworks */ = {isa = PBXBuildFile; fileRef = 7884212414830B2E00203926 /* AVFoundation.framework */; };
		7884212714830B3100203926 /* MediaPlayer.framework in Frameworks */ = {isa = PBXBuildFile; fileRef = 7884212614830B3100203926 /* MediaPlayer.framework */; };
		7884212914830B3A00203926 /* MessageUI.framework in Frameworks */ = {isa = PBXBuildFile; fileRef = 7884212814830B3A00203926 /* MessageUI.framework */; };
		7884212B14830B4000203926 /* ImageIO.framework in Frameworks */ = {isa = PBXBuildFile; fileRef = 7884212A14830B4000203926 /* ImageIO.framework */; };
		7884213614830B5900203926 /* CoreGraphics.framework in Frameworks */ = {isa = PBXBuildFile; fileRef = 7884213514830B5900203926 /* CoreGraphics.framework */; };
		7884213814830B5E00203926 /* QuartzCore.framework in Frameworks */ = {isa = PBXBuildFile; fileRef = 7884213714830B5E00203926 /* QuartzCore.framework */; };
		7884213A14830B6400203926 /* CoreText.framework in Frameworks */ = {isa = PBXBuildFile; fileRef = 7884213914830B6400203926 /* CoreText.framework */; };
		7884213C14830B6900203926 /* MobileCoreServices.framework in Frameworks */ = {isa = PBXBuildFile; fileRef = 7884213B14830B6900203926 /* MobileCoreServices.framework */; };
		7884213E14830B6E00203926 /* CFNetwork.framework in Frameworks */ = {isa = PBXBuildFile; fileRef = 7884213D14830B6E00203926 /* CFNetwork.framework */; };
		7884214014830B7600203926 /* SystemConfiguration.framework in Frameworks */ = {isa = PBXBuildFile; fileRef = 7884213F14830B7600203926 /* SystemConfiguration.framework */; };
		78ED7A57146F00FE002EE22C /* TIPSPDFViewController.h in Headers */ = {isa = PBXBuildFile; fileRef = 78ED7A55146F00FE002EE22C /* TIPSPDFViewController.h */; };
		78ED7A58146F00FE002EE22C /* TIPSPDFViewController.m in Sources */ = {isa = PBXBuildFile; fileRef = 78ED7A56146F00FE002EE22C /* TIPSPDFViewController.m */; };
		AA747D9F0F9514B9006C5449 /* ComPspdfkit_Prefix.pch in Headers */ = {isa = PBXBuildFile; fileRef = AA747D9E0F9514B9006C5449 /* ComPspdfkit_Prefix.pch */; };
		AACBBE4A0F95108600F1A2B1 /* Foundation.framework in Frameworks */ = {isa = PBXBuildFile; fileRef = AACBBE490F95108600F1A2B1 /* Foundation.framework */; };
		B984DF0A1D12D1A700BDFA4E /* PSPDFKit.framework in Frameworks */ = {isa = PBXBuildFile; fileRef = 7818009D1AFE3C4C001817FC /* PSPDFKit.framework */; };
/* End PBXBuildFile section */

/* Begin PBXContainerItemProxy section */
		24416B8411C4CA280047AFDD /* PBXContainerItemProxy */ = {
			isa = PBXContainerItemProxy;
			containerPortal = 0867D690FE84028FC02AAC07 /* Project object */;
			proxyType = 1;
			remoteGlobalIDString = D2AAC07D0554694100DB518D;
			remoteInfo = pspdfkit;
		};
		781800941AFE3C4C001817FC /* PBXContainerItemProxy */ = {
			isa = PBXContainerItemProxy;
			containerPortal = 781800881AFE3C4B001817FC /* PSPDFKit.xcodeproj */;
			proxyType = 2;
			remoteGlobalIDString = 780B4169146E7DAB00DF07F1;
			remoteInfo = PSPDFKit;
		};
		781800961AFE3C4C001817FC /* PBXContainerItemProxy */ = {
			isa = PBXContainerItemProxy;
			containerPortal = 781800881AFE3C4B001817FC /* PSPDFKit.xcodeproj */;
			proxyType = 2;
			remoteGlobalIDString = 78AF7540184E66C70012DF90;
			remoteInfo = "PSPDFKit-No-OpenSSL";
		};
		781800981AFE3C4C001817FC /* PBXContainerItemProxy */ = {
			isa = PBXContainerItemProxy;
			containerPortal = 781800881AFE3C4B001817FC /* PSPDFKit.xcodeproj */;
			proxyType = 2;
			remoteGlobalIDString = 788D176F1A828E4D002E5D33;
			remoteInfo = "PSPDFKit-Demo";
		};
		7818009A1AFE3C4C001817FC /* PBXContainerItemProxy */ = {
			isa = PBXContainerItemProxy;
			containerPortal = 781800881AFE3C4B001817FC /* PSPDFKit.xcodeproj */;
			proxyType = 2;
			remoteGlobalIDString = 78A2FFB41A0FCC360065A669;
			remoteInfo = "PSPDFKit-extension";
		};
		7818009C1AFE3C4C001817FC /* PBXContainerItemProxy */ = {
			isa = PBXContainerItemProxy;
			containerPortal = 781800881AFE3C4B001817FC /* PSPDFKit.xcodeproj */;
			proxyType = 2;
			remoteGlobalIDString = B81D1AA619A79F6C00BFA32E;
			remoteInfo = PSPDFKit.framework;
		};
		7818009E1AFE3C4C001817FC /* PBXContainerItemProxy */ = {
			isa = PBXContainerItemProxy;
			containerPortal = 781800881AFE3C4B001817FC /* PSPDFKit.xcodeproj */;
			proxyType = 2;
			remoteGlobalIDString = 785CAA291AE8357F008AB5AE;
			remoteInfo = "PSPDFKit-Demo.framework";
		};
		781800A01AFE3C4C001817FC /* PBXContainerItemProxy */ = {
			isa = PBXContainerItemProxy;
			containerPortal = 781800881AFE3C4B001817FC /* PSPDFKit.xcodeproj */;
			proxyType = 2;
			remoteGlobalIDString = 785CAB9A1AE8386C008AB5AE;
			remoteInfo = "PSPDFKit-No-OpenSSL.framework";
		};
		78C89BA71BD7F6B400B1FA4B /* PBXContainerItemProxy */ = {
			isa = PBXContainerItemProxy;
			containerPortal = 781800881AFE3C4B001817FC /* PSPDFKit.xcodeproj */;
			proxyType = 2;
			remoteGlobalIDString = 430F37FD1B69118500A00793;
			remoteInfo = "PSPDFKit-No-Public-Headers";
		};
		B984DF041D12D19C00BDFA4E /* PBXContainerItemProxy */ = {
			isa = PBXContainerItemProxy;
			containerPortal = 781800881AFE3C4B001817FC /* PSPDFKit.xcodeproj */;
			proxyType = 2;
			remoteGlobalIDString = 78E99C531BE4C53900E9A550;
			remoteInfo = "PSPDFKit-AppExport";
		};
		B984DF061D12D19C00BDFA4E /* PBXContainerItemProxy */ = {
			isa = PBXContainerItemProxy;
			containerPortal = 781800881AFE3C4B001817FC /* PSPDFKit.xcodeproj */;
			proxyType = 2;
			remoteGlobalIDString = 78E9990D1BE4BD4800E9A550;
			remoteInfo = "PSPDFKit-AppExport.framework";
		};
		B984DF081D12D19F00BDFA4E /* PBXContainerItemProxy */ = {
			isa = PBXContainerItemProxy;
			containerPortal = 781800881AFE3C4B001817FC /* PSPDFKit.xcodeproj */;
			proxyType = 1;
			remoteGlobalIDString = B81D1AA519A79F6C00BFA32E;
			remoteInfo = PSPDFKit.framework;
		};
/* End PBXContainerItemProxy section */

/* Begin PBXFileReference section */
		24DD6CF71134B3F500162E58 /* ComPspdfkitModule.h */ = {isa = PBXFileReference; fileEncoding = 4; lastKnownFileType = sourcecode.c.h; name = ComPspdfkitModule.h; path = Classes/ComPspdfkitModule.h; sourceTree = "<group>"; };
		24DD6CF81134B3F500162E58 /* ComPspdfkitModule.m */ = {isa = PBXFileReference; fileEncoding = 4; lastKnownFileType = sourcecode.c.objc; name = ComPspdfkitModule.m; path = Classes/ComPspdfkitModule.m; sourceTree = "<group>"; };
		24DD6D1B1134B66800162E58 /* titanium.xcconfig */ = {isa = PBXFileReference; fileEncoding = 4; lastKnownFileType = text.xcconfig; path = titanium.xcconfig; sourceTree = "<group>"; };
		24DE9E0F11C5FE74003F90F6 /* ComPspdfkitModuleAssets.h */ = {isa = PBXFileReference; fileEncoding = 4; lastKnownFileType = sourcecode.c.h; name = ComPspdfkitModuleAssets.h; path = Classes/ComPspdfkitModuleAssets.h; sourceTree = "<group>"; };
		24DE9E1011C5FE74003F90F6 /* ComPspdfkitModuleAssets.m */ = {isa = PBXFileReference; fileEncoding = 4; lastKnownFileType = sourcecode.c.objc; name = ComPspdfkitModuleAssets.m; path = Classes/ComPspdfkitModuleAssets.m; sourceTree = "<group>"; };
		781800881AFE3C4B001817FC /* PSPDFKit.xcodeproj */ = {isa = PBXFileReference; lastKnownFileType = "wrapper.pb-project"; name = PSPDFKit.xcodeproj; path = ../PSPDFKit/iOS/PSPDFKit/PSPDFKit.xcodeproj; sourceTree = "<group>"; };
		7823534418F3F2C5006AFF14 /* PSPDFKit.bundle */ = {isa = PBXFileReference; lastKnownFileType = "wrapper.plug-in"; name = PSPDFKit.bundle; path = ../PSPDFKit/iOS/PSPDFKit/PSPDFKit.bundle; sourceTree = "<group>"; };
		782DDA141483CAB400E7EEFD /* ComPspdfkitViewProxy.h */ = {isa = PBXFileReference; fileEncoding = 4; lastKnownFileType = sourcecode.c.h; name = ComPspdfkitViewProxy.h; path = Classes/ComPspdfkitViewProxy.h; sourceTree = "<group>"; };
		782DDA151483CAB400E7EEFD /* ComPspdfkitViewProxy.m */ = {isa = PBXFileReference; fileEncoding = 4; lastKnownFileType = sourcecode.c.objc; name = ComPspdfkitViewProxy.m; path = Classes/ComPspdfkitViewProxy.m; sourceTree = "<group>"; };
		782DDA1B1483CB6100E7EEFD /* ComPspdfkitView.h */ = {isa = PBXFileReference; fileEncoding = 4; lastKnownFileType = sourcecode.c.h; name = ComPspdfkitView.h; path = Classes/ComPspdfkitView.h; sourceTree = "<group>"; };
		782DDA1C1483CB6100E7EEFD /* ComPspdfkitView.m */ = {isa = PBXFileReference; fileEncoding = 4; lastKnownFileType = sourcecode.c.objc; name = ComPspdfkitView.m; path = Classes/ComPspdfkitView.m; sourceTree = "<group>"; };
		787023CA1481A0F5005A7792 /* TIPSPDFViewControllerProxy.h */ = {isa = PBXFileReference; fileEncoding = 4; lastKnownFileType = sourcecode.c.h; name = TIPSPDFViewControllerProxy.h; path = Classes/TIPSPDFViewControllerProxy.h; sourceTree = "<group>"; };
		787023CB1481A0F5005A7792 /* TIPSPDFViewControllerProxy.m */ = {isa = PBXFileReference; fileEncoding = 4; lastKnownFileType = sourcecode.c.objc; name = TIPSPDFViewControllerProxy.m; path = Classes/TIPSPDFViewControllerProxy.m; sourceTree = "<group>"; };
		7870240A1481BDE8005A7792 /* PSPDFUtils.h */ = {isa = PBXFileReference; fileEncoding = 4; lastKnownFileType = sourcecode.c.h; name = PSPDFUtils.h; path = Classes/PSPDFUtils.h; sourceTree = "<group>"; };
		7870240B1481BDE8005A7792 /* PSPDFUtils.m */ = {isa = PBXFileReference; fileEncoding = 4; lastKnownFileType = sourcecode.c.objc; name = PSPDFUtils.m; path = Classes/PSPDFUtils.m; sourceTree = "<group>"; };
		7884211A148309BE00203926 /* TIPSPDFAnnotationProxy.h */ = {isa = PBXFileReference; fileEncoding = 4; lastKnownFileType = sourcecode.c.h; name = TIPSPDFAnnotationProxy.h; path = Classes/TIPSPDFAnnotationProxy.h; sourceTree = "<group>"; };
		7884211B148309BE00203926 /* TIPSPDFAnnotationProxy.m */ = {isa = PBXFileReference; fileEncoding = 4; lastKnownFileType = sourcecode.c.objc; name = TIPSPDFAnnotationProxy.m; path = Classes/TIPSPDFAnnotationProxy.m; sourceTree = "<group>"; };
		7884211E14830B1500203926 /* UIKit.framework */ = {isa = PBXFileReference; lastKnownFileType = wrapper.framework; name = UIKit.framework; path = System/Library/Frameworks/UIKit.framework; sourceTree = SDKROOT; };
		7884212014830B1B00203926 /* CoreMedia.framework */ = {isa = PBXFileReference; lastKnownFileType = wrapper.framework; name = CoreMedia.framework; path = System/Library/Frameworks/CoreMedia.framework; sourceTree = SDKROOT; };
		7884212414830B2E00203926 /* AVFoundation.framework */ = {isa = PBXFileReference; lastKnownFileType = wrapper.framework; name = AVFoundation.framework; path = System/Library/Frameworks/AVFoundation.framework; sourceTree = SDKROOT; };
		7884212614830B3100203926 /* MediaPlayer.framework */ = {isa = PBXFileReference; lastKnownFileType = wrapper.framework; name = MediaPlayer.framework; path = System/Library/Frameworks/MediaPlayer.framework; sourceTree = SDKROOT; };
		7884212814830B3A00203926 /* MessageUI.framework */ = {isa = PBXFileReference; lastKnownFileType = wrapper.framework; name = MessageUI.framework; path = System/Library/Frameworks/MessageUI.framework; sourceTree = SDKROOT; };
		7884212A14830B4000203926 /* ImageIO.framework */ = {isa = PBXFileReference; lastKnownFileType = wrapper.framework; name = ImageIO.framework; path = System/Library/Frameworks/ImageIO.framework; sourceTree = SDKROOT; };
		7884213514830B5900203926 /* CoreGraphics.framework */ = {isa = PBXFileReference; lastKnownFileType = wrapper.framework; name = CoreGraphics.framework; path = System/Library/Frameworks/CoreGraphics.framework; sourceTree = SDKROOT; };
		7884213714830B5E00203926 /* QuartzCore.framework */ = {isa = PBXFileReference; lastKnownFileType = wrapper.framework; name = QuartzCore.framework; path = System/Library/Frameworks/QuartzCore.framework; sourceTree = SDKROOT; };
		7884213914830B6400203926 /* CoreText.framework */ = {isa = PBXFileReference; lastKnownFileType = wrapper.framework; name = CoreText.framework; path = System/Library/Frameworks/CoreText.framework; sourceTree = SDKROOT; };
		7884213B14830B6900203926 /* MobileCoreServices.framework */ = {isa = PBXFileReference; lastKnownFileType = wrapper.framework; name = MobileCoreServices.framework; path = System/Library/Frameworks/MobileCoreServices.framework; sourceTree = SDKROOT; };
		7884213D14830B6E00203926 /* CFNetwork.framework */ = {isa = PBXFileReference; lastKnownFileType = wrapper.framework; name = CFNetwork.framework; path = System/Library/Frameworks/CFNetwork.framework; sourceTree = SDKROOT; };
		7884213F14830B7600203926 /* SystemConfiguration.framework */ = {isa = PBXFileReference; lastKnownFileType = wrapper.framework; name = SystemConfiguration.framework; path = System/Library/Frameworks/SystemConfiguration.framework; sourceTree = SDKROOT; };
		78DE62FF18897DF900DC6D84 /* PSPDFKit.xcconfig */ = {isa = PBXFileReference; fileEncoding = 4; lastKnownFileType = text.xcconfig; name = PSPDFKit.xcconfig; path = ../PSPDFKit/iOS/PSPDFKit.xcconfig; sourceTree = "<group>"; };
		78ED7A55146F00FE002EE22C /* TIPSPDFViewController.h */ = {isa = PBXFileReference; fileEncoding = 4; lastKnownFileType = sourcecode.c.h; name = TIPSPDFViewController.h; path = Classes/TIPSPDFViewController.h; sourceTree = "<group>"; };
		78ED7A56146F00FE002EE22C /* TIPSPDFViewController.m */ = {isa = PBXFileReference; fileEncoding = 4; lastKnownFileType = sourcecode.c.objc; name = TIPSPDFViewController.m; path = Classes/TIPSPDFViewController.m; sourceTree = "<group>"; };
		AA747D9E0F9514B9006C5449 /* ComPspdfkit_Prefix.pch */ = {isa = PBXFileReference; fileEncoding = 4; lastKnownFileType = sourcecode.c.h; path = ComPspdfkit_Prefix.pch; sourceTree = SOURCE_ROOT; };
		AACBBE490F95108600F1A2B1 /* Foundation.framework */ = {isa = PBXFileReference; lastKnownFileType = wrapper.framework; name = Foundation.framework; path = System/Library/Frameworks/Foundation.framework; sourceTree = SDKROOT; };
		D2AAC07E0554694100DB518D /* libComPspdfkit.a */ = {isa = PBXFileReference; explicitFileType = archive.ar; includeInIndex = 0; path = libComPspdfkit.a; sourceTree = BUILT_PRODUCTS_DIR; };
/* End PBXFileReference section */

/* Begin PBXFrameworksBuildPhase section */
		D2AAC07C0554694100DB518D /* Frameworks */ = {
			isa = PBXFrameworksBuildPhase;
			buildActionMask = 2147483647;
			files = (
				B984DF0A1D12D1A700BDFA4E /* PSPDFKit.framework in Frameworks */,
				7884214014830B7600203926 /* SystemConfiguration.framework in Frameworks */,
				7884213E14830B6E00203926 /* CFNetwork.framework in Frameworks */,
				7884213C14830B6900203926 /* MobileCoreServices.framework in Frameworks */,
				7884213A14830B6400203926 /* CoreText.framework in Frameworks */,
				7884213814830B5E00203926 /* QuartzCore.framework in Frameworks */,
				7884213614830B5900203926 /* CoreGraphics.framework in Frameworks */,
				7884212B14830B4000203926 /* ImageIO.framework in Frameworks */,
				7884212914830B3A00203926 /* MessageUI.framework in Frameworks */,
				7884212714830B3100203926 /* MediaPlayer.framework in Frameworks */,
				7884212514830B2E00203926 /* AVFoundation.framework in Frameworks */,
				7884212114830B1B00203926 /* CoreMedia.framework in Frameworks */,
				7884211F14830B1600203926 /* UIKit.framework in Frameworks */,
				AACBBE4A0F95108600F1A2B1 /* Foundation.framework in Frameworks */,
			);
			runOnlyForDeploymentPostprocessing = 0;
		};
/* End PBXFrameworksBuildPhase section */

/* Begin PBXGroup section */
		034768DFFF38A50411DB9C8B /* Products */ = {
			isa = PBXGroup;
			children = (
				D2AAC07E0554694100DB518D /* libComPspdfkit.a */,
			);
			name = Products;
			sourceTree = "<group>";
		};
		0867D691FE84028FC02AAC07 /* pspdfkit */ = {
			isa = PBXGroup;
			children = (
				08FB77AEFE84172EC02AAC07 /* Classes */,
				32C88DFF0371C24200C91783 /* Other Sources */,
				0867D69AFE84028FC02AAC07 /* Frameworks */,
				034768DFFF38A50411DB9C8B /* Products */,
			);
			indentWidth = 4;
			name = pspdfkit;
			sourceTree = "<group>";
			tabWidth = 4;
			usesTabs = 0;
		};
		0867D69AFE84028FC02AAC07 /* Frameworks */ = {
			isa = PBXGroup;
			children = (
				781800881AFE3C4B001817FC /* PSPDFKit.xcodeproj */,
				7823534418F3F2C5006AFF14 /* PSPDFKit.bundle */,
				78DE62FF18897DF900DC6D84 /* PSPDFKit.xcconfig */,
				7884215214830D3700203926 /* System */,
			);
			name = Frameworks;
			sourceTree = "<group>";
		};
		08FB77AEFE84172EC02AAC07 /* Classes */ = {
			isa = PBXGroup;
			children = (
				24DE9E0F11C5FE74003F90F6 /* ComPspdfkitModuleAssets.h */,
				24DE9E1011C5FE74003F90F6 /* ComPspdfkitModuleAssets.m */,
				24DD6CF71134B3F500162E58 /* ComPspdfkitModule.h */,
				24DD6CF81134B3F500162E58 /* ComPspdfkitModule.m */,
				78ED7A55146F00FE002EE22C /* TIPSPDFViewController.h */,
				78ED7A56146F00FE002EE22C /* TIPSPDFViewController.m */,
				787023CA1481A0F5005A7792 /* TIPSPDFViewControllerProxy.h */,
				787023CB1481A0F5005A7792 /* TIPSPDFViewControllerProxy.m */,
				782DDA1B1483CB6100E7EEFD /* ComPspdfkitView.h */,
				782DDA1C1483CB6100E7EEFD /* ComPspdfkitView.m */,
				782DDA141483CAB400E7EEFD /* ComPspdfkitViewProxy.h */,
				782DDA151483CAB400E7EEFD /* ComPspdfkitViewProxy.m */,
				7884211A148309BE00203926 /* TIPSPDFAnnotationProxy.h */,
				7884211B148309BE00203926 /* TIPSPDFAnnotationProxy.m */,
				7870240A1481BDE8005A7792 /* PSPDFUtils.h */,
				7870240B1481BDE8005A7792 /* PSPDFUtils.m */,
			);
			name = Classes;
			sourceTree = "<group>";
		};
		32C88DFF0371C24200C91783 /* Other Sources */ = {
			isa = PBXGroup;
			children = (
				AA747D9E0F9514B9006C5449 /* ComPspdfkit_Prefix.pch */,
				24DD6D1B1134B66800162E58 /* titanium.xcconfig */,
			);
			name = "Other Sources";
			sourceTree = "<group>";
		};
		781800891AFE3C4B001817FC /* Products */ = {
			isa = PBXGroup;
			children = (
				781800951AFE3C4C001817FC /* libPSPDFKit.a */,
				781800971AFE3C4C001817FC /* libPSPDFKit.a */,
				781800991AFE3C4C001817FC /* libPSPDFKit.a */,
				7818009B1AFE3C4C001817FC /* libPSPDFKit.a */,
				78C89BA81BD7F6B400B1FA4B /* libPSPDFKit.a */,
				B984DF051D12D19C00BDFA4E /* libPSPDFKit.a */,
				7818009D1AFE3C4C001817FC /* PSPDFKit.framework */,
				7818009F1AFE3C4C001817FC /* PSPDFKit.framework */,
				781800A11AFE3C4C001817FC /* PSPDFKit.framework */,
				B984DF071D12D19C00BDFA4E /* PSPDFKit.framework */,
			);
			name = Products;
			sourceTree = "<group>";
		};
		7884215214830D3700203926 /* System */ = {
			isa = PBXGroup;
			children = (
				7884213F14830B7600203926 /* SystemConfiguration.framework */,
				AACBBE490F95108600F1A2B1 /* Foundation.framework */,
				7884213D14830B6E00203926 /* CFNetwork.framework */,
				7884213B14830B6900203926 /* MobileCoreServices.framework */,
				7884213914830B6400203926 /* CoreText.framework */,
				7884213714830B5E00203926 /* QuartzCore.framework */,
				7884213514830B5900203926 /* CoreGraphics.framework */,
				7884212A14830B4000203926 /* ImageIO.framework */,
				7884212814830B3A00203926 /* MessageUI.framework */,
				7884212614830B3100203926 /* MediaPlayer.framework */,
				7884212414830B2E00203926 /* AVFoundation.framework */,
				7884212014830B1B00203926 /* CoreMedia.framework */,
				7884211E14830B1500203926 /* UIKit.framework */,
			);
			name = System;
			sourceTree = "<group>";
		};
/* End PBXGroup section */

/* Begin PBXHeadersBuildPhase section */
		D2AAC07A0554694100DB518D /* Headers */ = {
			isa = PBXHeadersBuildPhase;
			buildActionMask = 2147483647;
			files = (
				AA747D9F0F9514B9006C5449 /* ComPspdfkit_Prefix.pch in Headers */,
				24DD6CF91134B3F500162E58 /* ComPspdfkitModule.h in Headers */,
				24DE9E1111C5FE74003F90F6 /* ComPspdfkitModuleAssets.h in Headers */,
				78ED7A57146F00FE002EE22C /* TIPSPDFViewController.h in Headers */,
				787023CC1481A0F5005A7792 /* TIPSPDFViewControllerProxy.h in Headers */,
				7870240C1481BDE8005A7792 /* PSPDFUtils.h in Headers */,
				7884211C148309BE00203926 /* TIPSPDFAnnotationProxy.h in Headers */,
				782DDA161483CAB600E7EEFD /* ComPspdfkitViewProxy.h in Headers */,
				782DDA1D1483CB6100E7EEFD /* ComPspdfkitView.h in Headers */,
			);
			runOnlyForDeploymentPostprocessing = 0;
		};
/* End PBXHeadersBuildPhase section */

/* Begin PBXNativeTarget section */
		D2AAC07D0554694100DB518D /* pspdfkit */ = {
			isa = PBXNativeTarget;
			buildConfigurationList = 1DEB921E08733DC00010E9CD /* Build configuration list for PBXNativeTarget "pspdfkit" */;
			buildPhases = (
				D2AAC07A0554694100DB518D /* Headers */,
				D2AAC07B0554694100DB518D /* Sources */,
				D2AAC07C0554694100DB518D /* Frameworks */,
			);
			buildRules = (
			);
			dependencies = (
				B984DF091D12D19F00BDFA4E /* PBXTargetDependency */,
			);
			name = pspdfkit;
			productName = pspdfkit;
			productReference = D2AAC07E0554694100DB518D /* libComPspdfkit.a */;
			productType = "com.apple.product-type.library.static";
		};
/* End PBXNativeTarget section */

/* Begin PBXProject section */
		0867D690FE84028FC02AAC07 /* Project object */ = {
			isa = PBXProject;
			attributes = {
				LastUpgradeCheck = 0710;
				ORGANIZATIONNAME = "Peter Steinberger";
			};
			buildConfigurationList = 1DEB922208733DC00010E9CD /* Build configuration list for PBXProject "PSPDFKit-Titanium-Source" */;
			compatibilityVersion = "Xcode 3.2";
			developmentRegion = English;
			hasScannedForEncodings = 1;
			knownRegions = (
				English,
				Japanese,
				French,
				German,
			);
			mainGroup = 0867D691FE84028FC02AAC07 /* pspdfkit */;
			productRefGroup = 034768DFFF38A50411DB9C8B /* Products */;
			projectDirPath = "";
			projectReferences = (
				{
					ProductGroup = 781800891AFE3C4B001817FC /* Products */;
					ProjectRef = 781800881AFE3C4B001817FC /* PSPDFKit.xcodeproj */;
				},
			);
			projectRoot = "";
			targets = (
				D2AAC07D0554694100DB518D /* pspdfkit */,
				24416B8111C4CA220047AFDD /* Build & Test */,
			);
		};
/* End PBXProject section */

/* Begin PBXReferenceProxy section */
		781800951AFE3C4C001817FC /* libPSPDFKit.a */ = {
			isa = PBXReferenceProxy;
			fileType = archive.ar;
			path = libPSPDFKit.a;
			remoteRef = 781800941AFE3C4C001817FC /* PBXContainerItemProxy */;
			sourceTree = BUILT_PRODUCTS_DIR;
		};
		781800971AFE3C4C001817FC /* libPSPDFKit.a */ = {
			isa = PBXReferenceProxy;
			fileType = archive.ar;
			path = libPSPDFKit.a;
			remoteRef = 781800961AFE3C4C001817FC /* PBXContainerItemProxy */;
			sourceTree = BUILT_PRODUCTS_DIR;
		};
		781800991AFE3C4C001817FC /* libPSPDFKit.a */ = {
			isa = PBXReferenceProxy;
			fileType = archive.ar;
			path = libPSPDFKit.a;
			remoteRef = 781800981AFE3C4C001817FC /* PBXContainerItemProxy */;
			sourceTree = BUILT_PRODUCTS_DIR;
		};
		7818009B1AFE3C4C001817FC /* libPSPDFKit.a */ = {
			isa = PBXReferenceProxy;
			fileType = archive.ar;
			path = libPSPDFKit.a;
			remoteRef = 7818009A1AFE3C4C001817FC /* PBXContainerItemProxy */;
			sourceTree = BUILT_PRODUCTS_DIR;
		};
		7818009D1AFE3C4C001817FC /* PSPDFKit.framework */ = {
			isa = PBXReferenceProxy;
			fileType = wrapper.framework;
			path = PSPDFKit.framework;
			remoteRef = 7818009C1AFE3C4C001817FC /* PBXContainerItemProxy */;
			sourceTree = BUILT_PRODUCTS_DIR;
		};
		7818009F1AFE3C4C001817FC /* PSPDFKit.framework */ = {
			isa = PBXReferenceProxy;
			fileType = wrapper.framework;
			path = PSPDFKit.framework;
			remoteRef = 7818009E1AFE3C4C001817FC /* PBXContainerItemProxy */;
			sourceTree = BUILT_PRODUCTS_DIR;
		};
		781800A11AFE3C4C001817FC /* PSPDFKit.framework */ = {
			isa = PBXReferenceProxy;
			fileType = wrapper.framework;
			path = PSPDFKit.framework;
			remoteRef = 781800A01AFE3C4C001817FC /* PBXContainerItemProxy */;
			sourceTree = BUILT_PRODUCTS_DIR;
		};
		78C89BA81BD7F6B400B1FA4B /* libPSPDFKit.a */ = {
			isa = PBXReferenceProxy;
			fileType = archive.ar;
			path = libPSPDFKit.a;
			remoteRef = 78C89BA71BD7F6B400B1FA4B /* PBXContainerItemProxy */;
			sourceTree = BUILT_PRODUCTS_DIR;
		};
		B984DF051D12D19C00BDFA4E /* libPSPDFKit.a */ = {
			isa = PBXReferenceProxy;
			fileType = archive.ar;
			path = libPSPDFKit.a;
			remoteRef = B984DF041D12D19C00BDFA4E /* PBXContainerItemProxy */;
			sourceTree = BUILT_PRODUCTS_DIR;
		};
		B984DF071D12D19C00BDFA4E /* PSPDFKit.framework */ = {
			isa = PBXReferenceProxy;
			fileType = wrapper.framework;
			path = PSPDFKit.framework;
			remoteRef = B984DF061D12D19C00BDFA4E /* PBXContainerItemProxy */;
			sourceTree = BUILT_PRODUCTS_DIR;
		};
/* End PBXReferenceProxy section */

/* Begin PBXShellScriptBuildPhase section */
		24416B8011C4CA220047AFDD /* ShellScript */ = {
			isa = PBXShellScriptBuildPhase;
			buildActionMask = 2147483647;
			files = (
			);
			inputPaths = (
			);
			outputPaths = (
			);
			runOnlyForDeploymentPostprocessing = 0;
			shellPath = /bin/sh;
			shellScript = "# shell script goes here\n\npython \"${TITANIUM_SDK}/titanium.py\" run --dir=\"${PROJECT_DIR}\"\nexit $?\n";
		};
/* End PBXShellScriptBuildPhase section */

/* Begin PBXSourcesBuildPhase section */
		D2AAC07B0554694100DB518D /* Sources */ = {
			isa = PBXSourcesBuildPhase;
			buildActionMask = 2147483647;
			files = (
				24DD6CFA1134B3F500162E58 /* ComPspdfkitModule.m in Sources */,
				24DE9E1211C5FE74003F90F6 /* ComPspdfkitModuleAssets.m in Sources */,
				78ED7A58146F00FE002EE22C /* TIPSPDFViewController.m in Sources */,
				787023CD1481A0F5005A7792 /* TIPSPDFViewControllerProxy.m in Sources */,
				7870240D1481BDE8005A7792 /* PSPDFUtils.m in Sources */,
				7884211D148309BE00203926 /* TIPSPDFAnnotationProxy.m in Sources */,
				782DDA171483CAB600E7EEFD /* ComPspdfkitViewProxy.m in Sources */,
				782DDA1E1483CB6100E7EEFD /* ComPspdfkitView.m in Sources */,
			);
			runOnlyForDeploymentPostprocessing = 0;
		};
/* End PBXSourcesBuildPhase section */

/* Begin PBXTargetDependency section */
		24416B8511C4CA280047AFDD /* PBXTargetDependency */ = {
			isa = PBXTargetDependency;
			target = D2AAC07D0554694100DB518D /* pspdfkit */;
			targetProxy = 24416B8411C4CA280047AFDD /* PBXContainerItemProxy */;
		};
		B984DF091D12D19F00BDFA4E /* PBXTargetDependency */ = {
			isa = PBXTargetDependency;
			name = PSPDFKit.framework;
			targetProxy = B984DF081D12D19F00BDFA4E /* PBXContainerItemProxy */;
		};
/* End PBXTargetDependency section */

/* Begin XCBuildConfiguration section */
		1DEB921F08733DC00010E9CD /* Debug */ = {
			isa = XCBuildConfiguration;
			baseConfigurationReference = 24DD6D1B1134B66800162E58 /* titanium.xcconfig */;
			buildSettings = {
				ALWAYS_SEARCH_USER_PATHS = YES;
				COPY_PHASE_STRIP = NO;
				DSTROOT = /tmp/ComPspdfkit.dst;
				FRAMEWORK_SEARCH_PATHS = "$(inherited)";
				GCC_MODEL_TUNING = G5;
				GCC_PRECOMPILE_PREFIX_HEADER = YES;
				GCC_PREFIX_HEADER = ComPspdfkit_Prefix.pch;
				HEADER_SEARCH_PATHS = (
					"$(TITANIUM_BASE_SDK)/**",
					"$(TITANIUM_BASE_SDK2)/**",
				);
				INSTALL_PATH = /usr/local/lib;
				LIBRARY_SEARCH_PATHS = (
					"$(inherited)",
					/Developer/Platforms/iPhoneOS.platform/Developer/usr/lib/arc,
					/Developer/usr/lib/arc,
				);
				PRODUCT_NAME = ComPspdfkit;
				USER_HEADER_SEARCH_PATHS = "../PSPDFKit/iOS/PSPDFKit/** ../PSPDFKit/core/PSPDFDatabase/iOS";
			};
			name = Debug;
		};
		1DEB922308733DC00010E9CD /* Debug */ = {
			isa = XCBuildConfiguration;
			baseConfigurationReference = 24DD6D1B1134B66800162E58 /* titanium.xcconfig */;
			buildSettings = {
				CLANG_ENABLE_MODULES = NO;
				CLANG_ENABLE_OBJC_ARC = YES;
				DEAD_CODE_STRIPPING = YES;
				ENABLE_TESTABILITY = YES;
				GCC_C_LANGUAGE_STANDARD = gnu11;
				GCC_OPTIMIZATION_LEVEL = 0;
				GCC_PREPROCESSOR_DEFINITIONS = (
					TITANIUM,
					PSPDF_SOURCE,
				);
				GCC_WARN_ABOUT_RETURN_TYPE = YES;
				GCC_WARN_UNUSED_VARIABLE = YES;
				HEADER_SEARCH_PATHS = (
					"../PSPDFKit/**",
					"$(TITANIUM_BASE_SDK)/**",
					"$(TITANIUM_BASE_SDK2)/**",
					"PSPDFKit/**",
				);
				IPHONEOS_DEPLOYMENT_TARGET = 8.0;
				ONLY_ACTIVE_ARCH = YES;
				OTHER_LDFLAGS = "-fobjc-arc-exceptions";
				SDKROOT = iphoneos;
				TARGETED_DEVICE_FAMILY = "1,2";
				USER_HEADER_SEARCH_PATHS = "PSPDFKit/**";
			};
			name = Debug;
		};
		24416B8211C4CA220047AFDD /* Debug */ = {
			isa = XCBuildConfiguration;
			baseConfigurationReference = 24DD6D1B1134B66800162E58 /* titanium.xcconfig */;
			buildSettings = {
				COPY_PHASE_STRIP = NO;
				GCC_DYNAMIC_NO_PIC = NO;
				GCC_OPTIMIZATION_LEVEL = 0;
				GCC_THUMB_SUPPORT = NO;
				GCC_VERSION = com.apple.compilers.llvm.clang.1_0;
				PRODUCT_NAME = "Build & test";
			};
			name = Debug;
		};
		78A35E41149F55240039CE92 /* Release */ = {
			isa = XCBuildConfiguration;
			baseConfigurationReference = 24DD6D1B1134B66800162E58 /* titanium.xcconfig */;
			buildSettings = {
				CLANG_ENABLE_MODULES = NO;
				CLANG_ENABLE_OBJC_ARC = YES;
				DEAD_CODE_STRIPPING = YES;
				GCC_C_LANGUAGE_STANDARD = gnu11;
				GCC_OPTIMIZATION_LEVEL = s;
				GCC_PREPROCESSOR_DEFINITIONS = (
					TITANIUM,
					PSPDF_SOURCE,
				);
				GCC_WARN_ABOUT_RETURN_TYPE = YES;
				GCC_WARN_UNUSED_VARIABLE = YES;
				HEADER_SEARCH_PATHS = (
					"../PSPDFKit/**",
					"$(TITANIUM_BASE_SDK)/**",
					"$(TITANIUM_BASE_SDK2)/**",
					"PSPDFKit/**",
				);
				IPHONEOS_DEPLOYMENT_TARGET = 8.0;
				OTHER_LDFLAGS = "-fobjc-arc-exceptions";
				SDKROOT = iphoneos;
				TARGETED_DEVICE_FAMILY = "1,2";
				USER_HEADER_SEARCH_PATHS = "PSPDFKit/**";
			};
			name = Release;
		};
		78A35E42149F55240039CE92 /* Release */ = {
			isa = XCBuildConfiguration;
			baseConfigurationReference = 24DD6D1B1134B66800162E58 /* titanium.xcconfig */;
			buildSettings = {
				ALWAYS_SEARCH_USER_PATHS = YES;
				DSTROOT = /tmp/ComPspdfkit.dst;
				FRAMEWORK_SEARCH_PATHS = "$(inherited)";
				GCC_MODEL_TUNING = G5;
				GCC_PRECOMPILE_PREFIX_HEADER = YES;
				GCC_PREFIX_HEADER = ComPspdfkit_Prefix.pch;
				HEADER_SEARCH_PATHS = (
					"$(TITANIUM_BASE_SDK)/**",
					"$(TITANIUM_BASE_SDK2)/**",
				);
				INSTALL_PATH = /usr/local/lib;
				LIBRARY_SEARCH_PATHS = (
					"$(inherited)",
					/Developer/Platforms/iPhoneOS.platform/Developer/usr/lib/arc,
					/Developer/usr/lib/arc,
				);
				PRODUCT_NAME = ComPspdfkit;
				USER_HEADER_SEARCH_PATHS = "../PSPDFKit/iOS/PSPDFKit/** ../PSPDFKit/core/PSPDFDatabase/iOS";
			};
			name = Release;
		};
		78A35E43149F55240039CE92 /* Release */ = {
			isa = XCBuildConfiguration;
			baseConfigurationReference = 24DD6D1B1134B66800162E58 /* titanium.xcconfig */;
			buildSettings = {
				COPY_PHASE_STRIP = YES;
				DEBUG_INFORMATION_FORMAT = "dwarf-with-dsym";
				GCC_THUMB_SUPPORT = NO;
				GCC_VERSION = com.apple.compilers.llvm.clang.1_0;
				PRODUCT_NAME = "Build & test";
				ZERO_LINK = NO;
			};
			name = Release;
		};
/* End XCBuildConfiguration section */

/* Begin XCConfigurationList section */
		1DEB921E08733DC00010E9CD /* Build configuration list for PBXNativeTarget "pspdfkit" */ = {
			isa = XCConfigurationList;
			buildConfigurations = (
				1DEB921F08733DC00010E9CD /* Debug */,
				78A35E42149F55240039CE92 /* Release */,
			);
			defaultConfigurationIsVisible = 0;
			defaultConfigurationName = Debug;
		};
		1DEB922208733DC00010E9CD /* Build configuration list for PBXProject "PSPDFKit-Titanium-Source" */ = {
			isa = XCConfigurationList;
			buildConfigurations = (
				1DEB922308733DC00010E9CD /* Debug */,
				78A35E41149F55240039CE92 /* Release */,
			);
			defaultConfigurationIsVisible = 0;
			defaultConfigurationName = Debug;
		};
		24416B8A11C4CA520047AFDD /* Build configuration list for PBXAggregateTarget "Build & Test" */ = {
			isa = XCConfigurationList;
			buildConfigurations = (
				24416B8211C4CA220047AFDD /* Debug */,
				78A35E43149F55240039CE92 /* Release */,
			);
			defaultConfigurationIsVisible = 0;
			defaultConfigurationName = Debug;
		};
/* End XCConfigurationList section */
	};
	rootObject = 0867D690FE84028FC02AAC07 /* Project object */;
}
